{
  "name": "evals-012",
  "version": "1.0.0",
  "lockfileVersion": 3,
  "requires": true,
  "packages": {
    "": {
      "name": "evals-012",
      "version": "1.0.0",
      "license": "ISC",
      "dependencies": {
        "@ghost_agent/evals": "file:../../ghost_agent-evals-0.1.2.tgz"
      }
    },
    "node_modules/@ghost_agent/evals": {
      "version": "0.1.2",
      "resolved": "file:../../ghost_agent-evals-0.1.2.tgz",
      "integrity": "sha512-YuWNueSXlT5SD6FUWEbH1CQj+LcstR8maXLtuGghODkGg+op2yYYkR9d+zNAQ6FiW/N44EJabrxKSrMgirjUYQ==",
      "dependencies": {
        "yaml": "^2"
      }
    },
    "node_modules/yaml": {
      "version": "2.8.2",
      "resolved": "https://registry.npmjs.org/yaml/-/yaml-2.8.2.tgz",
      "integrity": "sha512-mplynKqc1C2hTVYxd0PU2xQAc22TI1vShAYGksCCfxbn/dFwnHTNi1bvYsBTkhdUNtGIf5xNOg938rrSSYvS9A==",
      "license": "ISC",
      "bin": {
        "yaml": "bin.mjs"
      },
      "engines": {
        "node": ">= 14.6"
      },
      "funding": {
        "url": "https://github.com/sponsors/eemeli"
      }
    }
  }
}
